
Microsoft Visual Studio Solution File, Format Version 10.00
# Visual Studio 2008
Project("{8BC9CEB8-8B4A-11D0-8D11-00A0C91BC942}") = "Lighting_dx81", "Lighting_2008.vcproj", "{D3F41C18-240A-4721-9087-AB39F3BBC520}"
EndProject
Global
	GlobalSection(SolutionConfigurationPlatforms) = preSolution
		Debug|Win32 = Debug|Win32
		Release|Win32 = Release|Win32
	EndGlobalSection
	GlobalSection(ProjectConfigurationPlatforms) = postSolution
		{D3F41C18-240A-4721-9087-AB39F3BBC520}.Debug|Win32.ActiveCfg = Debug|Win32
		{D3F41C18-240A-4721-9087-AB39F3BBC520}.Debug|Win32.Build.0 = Debug|Win32
		{D3F41C18-240A-4721-9087-AB39F3BBC520}.Release|Win32.ActiveCfg = Release|Win32
		{D3F41C18-240A-4721-9087-AB39F3BBC520}.Release|Win32.Build.0 = Release|Win32
	EndGlobalSection
	GlobalSection(SolutionProperties) = preSolution
		HideSolutionNode = FALSE
	EndGlobalSection
EndGlobal
