
Microsoft Visual Studio Solution File, Format Version 10.00
# Visual Studio 2008
Project("{8BC9CEB8-8B4A-11D0-8D11-00A0C91BC942}") = "Animate_gl", "Animate_gl_2008.vcproj", "{35715FCE-A605-4775-B7F4-2EDA42F670BA}"
EndProject
Global
	GlobalSection(SolutionConfigurationPlatforms) = preSolution
		Debug|Win32 = Debug|Win32
		Release|Win32 = Release|Win32
	EndGlobalSection
	GlobalSection(ProjectConfigurationPlatforms) = postSolution
		{35715FCE-A605-4775-B7F4-2EDA42F670BA}.Debug|Win32.ActiveCfg = Debug|Win32
		{35715FCE-A605-4775-B7F4-2EDA42F670BA}.Debug|Win32.Build.0 = Debug|Win32
		{35715FCE-A605-4775-B7F4-2EDA42F670BA}.Release|Win32.ActiveCfg = Release|Win32
		{35715FCE-A605-4775-B7F4-2EDA42F670BA}.Release|Win32.Build.0 = Release|Win32
	EndGlobalSection
	GlobalSection(SolutionProperties) = preSolution
		HideSolutionNode = FALSE
	EndGlobalSection
EndGlobal
