Microsoft Visual Studio Solution File, Format Version 8.00
Project("{8BC9CEB8-8B4A-11D0-8D11-00A0C91BC942}") = "DirectX 9.0c", "DirectX_9.0c_VC7.vcproj", "{89A1C899-EC5A-4CF2-A8A6-6EFB7D1BB956}"
	ProjectSection(ProjectDependencies) = postProject
	EndProjectSection
EndProject
Global
	GlobalSection(SolutionConfiguration) = preSolution
		Debug = Debug
		Release = Release
	EndGlobalSection
	GlobalSection(ProjectConfiguration) = postSolution
		{89A1C899-EC5A-4CF2-A8A6-6EFB7D1BB956}.Debug.ActiveCfg = Debug|Win32
		{89A1C899-EC5A-4CF2-A8A6-6EFB7D1BB956}.Debug.Build.0 = Debug|Win32
		{89A1C899-EC5A-4CF2-A8A6-6EFB7D1BB956}.Release.ActiveCfg = Release|Win32
		{89A1C899-EC5A-4CF2-A8A6-6EFB7D1BB956}.Release.Build.0 = Release|Win32
	EndGlobalSection
	GlobalSection(ExtensibilityGlobals) = postSolution
	EndGlobalSection
	GlobalSection(ExtensibilityAddIns) = postSolution
	EndGlobalSection
EndGlobal
